PODS:
  - DACircularProgress (2.1.0)
  - MBProgressHUD (0.8)
  - MWPhotoBrowser (1.1.4):
    - DACircularProgress
    - MBProgressHUD
    - MWPhotoBrowser/ARC
    - SDWebImage (= 3.5)
  - MWPhotoBrowser/ARC (1.1.4):
    - DACircularProgress
    - MBProgressHUD
    - SDWebImage (= 3.5)
  - SDWebImage (3.5):
    - SDWebImage/Core
  - SDWebImage/Core (3.5)
  - TouchJSON (1.1)

DEPENDENCIES:
  - MWPhotoBrowser
  - SDWebImage
  - TouchJSON

SPEC CHECKSUMS:
  DACircularProgress: 8c8f20c8dffdd647fbf570ddecbc2b1b59da5888
  MBProgressHUD: 2bbc6f470111daf7f3eaa4eb12b8cbf01c4c0622
  MWPhotoBrowser: bcc8bffb52c7ae6e8550d98336c65b8de969aeb3
  SDWebImage: f1a72472f8a2d54445f1fedafe2090593d9caf7f
  TouchJSON: 9e53f4df141b7f972766292b00b46bccf29f179a

COCOAPODS: 0.27.1
